<Solution>
  <Folder Name="/Audit/">
    <Project Path="Audit/Airbnb.Audit.API/Airbnb.Audit.API.csproj" />
    <Project Path="Audit/Airbnb.Audit.Application/Airbnb.Audit.Application.csproj" />
    <Project Path="Audit/Airbnb.Audit.Domain/Airbnb.Audit.Domain.csproj" />
    <Project Path="Audit/Airbnb.Audit.Infrastructure/Airbnb.Audit.Infrastructure.csproj" />
    <Project Path="Audit/Airbnb.Audit.Tests/Airbnb.Audit.Tests.csproj" />
  </Folder>
  <Folder Name="/Monolith/">
    <Project Path="Monolith/Airbnb.API/Airbnb.API.csproj" />
    <Project Path="Monolith/Airbnb.Application/Airbnb.Application.csproj" />
    <Project Path="Monolith/Airbnb.Domain/Airbnb.Domain.csproj" />
    <Project Path="Monolith/Airbnb.Infrastructure/Airbnb.Infrastructure.csproj" />
    <Project Path="Monolith/Airbnb.Migrator/Airbnb.Migrator.csproj" />
    <Project Path="Monolith/Airbnb.UnitTests/Airbnb.UnitTests.csproj" />
  </Folder>
  <Folder Name="/Solution Items/">
    <File Path=".env" />
    <File Path=".env.example" />
    <File Path="docker-compose.yaml" />
  </Folder>
</Solution>
